// !$*UTF8*$!
{
	archiveVersion = 1;
	classes = {
	};
	objectVersion = 50;
	objects = {

/* Begin PBXBuildFile section */
		4626E7962566B78A0003D869 /* Data.swift in Sources */ = {isa = PBXBuildFile; fileRef = 4626E7952566B78A0003D869 /* Data.swift */; };
		4626E79E2566B8030003D869 /* dateData.json in Resources */ = {isa = PBXBuildFile; fileRef = 4626E79D2566B8030003D869 /* dateData.json */; };
		4626E7A32566B85E0003D869 /* dateData.swift in Sources */ = {isa = PBXBuildFile; fileRef = 4626E7A22566B85E0003D869 /* dateData.swift */; };
		46290CEA2568779A00942B90 /* dayView.swift in Sources */ = {isa = PBXBuildFile; fileRef = 46290CE92568779A00942B90 /* dayView.swift */; };
		46290CF22568A64300942B90 /* addDate.swift in Sources */ = {isa = PBXBuildFile; fileRef = 46290CF12568A64300942B90 /* addDate.swift */; };
		4634ACCA2569DF9F000F82B7 /* busy.swift in Sources */ = {isa = PBXBuildFile; fileRef = 4634ACC92569DF9F000F82B7 /* busy.swift */; };
		4671956C255D814F00781856 /* finalApp_GBPApp.swift in Sources */ = {isa = PBXBuildFile; fileRef = 4671956B255D814F00781856 /* finalApp_GBPApp.swift */; };
		4671956E255D814F00781856 /* ContentView.swift in Sources */ = {isa = PBXBuildFile; fileRef = 4671956D255D814F00781856 /* ContentView.swift */; };
		46719570255D815200781856 /* Assets.xcassets in Resources */ = {isa = PBXBuildFile; fileRef = 4671956F255D815200781856 /* Assets.xcassets */; };
		46719573255D815200781856 /* Preview Assets.xcassets in Resources */ = {isa = PBXBuildFile; fileRef = 46719572255D815200781856 /* Preview Assets.xcassets */; };
		469CB1F2256C75B3008F1080 /* LaunchScreen.storyboard in Resources */ = {isa = PBXBuildFile; fileRef = 469CB1F1256C75B3008F1080 /* LaunchScreen.storyboard */; };
/* End PBXBuildFile section */

/* Begin PBXFileReference section */
		4626E7952566B78A0003D869 /* Data.swift */ = {isa = PBXFileReference; lastKnownFileType = sourcecode.swift; path = Data.swift; sourceTree = "<group>"; };
		4626E79D2566B8030003D869 /* dateData.json */ = {isa = PBXFileReference; fileEncoding = 4; lastKnownFileType = text.json; path = dateData.json; sourceTree = "<group>"; };
		4626E7A22566B85E0003D869 /* dateData.swift */ = {isa = PBXFileReference; lastKnownFileType = sourcecode.swift; path = dateData.swift; sourceTree = "<group>"; };
		46290CE92568779A00942B90 /* dayView.swift */ = {isa = PBXFileReference; lastKnownFileType = sourcecode.swift; path = dayView.swift; sourceTree = "<group>"; };
		46290CF12568A64300942B90 /* addDate.swift */ = {isa = PBXFileReference; lastKnownFileType = sourcecode.swift; path = addDate.swift; sourceTree = "<group>"; };
		4634ACC92569DF9F000F82B7 /* busy.swift */ = {isa = PBXFileReference; lastKnownFileType = sourcecode.swift; path = busy.swift; sourceTree = "<group>"; };
		46719568255D814F00781856 /* CalendarPlusPlus.app */ = {isa = PBXFileReference; explicitFileType = wrapper.application; includeInIndex = 0; path = CalendarPlusPlus.app; sourceTree = BUILT_PRODUCTS_DIR; };
		4671956B255D814F00781856 /* finalApp_GBPApp.swift */ = {isa = PBXFileReference; lastKnownFileType = sourcecode.swift; path = finalApp_GBPApp.swift; sourceTree = "<group>"; };
		4671956D255D814F00781856 /* ContentView.swift */ = {isa = PBXFileReference; lastKnownFileType = sourcecode.swift; path = ContentView.swift; sourceTree = "<group>"; };
		4671956F255D815200781856 /* Assets.xcassets */ = {isa = PBXFileReference; lastKnownFileType = folder.assetcatalog; path = Assets.xcassets; sourceTree = "<group>"; };
		46719572255D815200781856 /* Preview Assets.xcassets */ = {isa = PBXFileReference; lastKnownFileType = folder.assetcatalog; path = "Preview Assets.xcassets"; sourceTree = "<group>"; };
		46719574255D815200781856 /* Info.plist */ = {isa = PBXFileReference; lastKnownFileType = text.plist.xml; path = Info.plist; sourceTree = "<group>"; };
		4671957D255D815300781856 /* finalApp_GBPTests.swift */ = {isa = PBXFileReference; lastKnownFileType = sourcecode.swift; path = finalApp_GBPTests.swift; sourceTree = "<group>"; };
		4671957F255D815300781856 /* Info.plist */ = {isa = PBXFileReference; lastKnownFileType = text.plist.xml; path = Info.plist; sourceTree = "<group>"; };
		469CB1F1256C75B3008F1080 /* LaunchScreen.storyboard */ = {isa = PBXFileReference; lastKnownFileType = file.storyboard; path = LaunchScreen.storyboard; sourceTree = "<group>"; };
/* End PBXFileReference section */

/* Begin PBXFrameworksBuildPhase section */
		46719565255D814F00781856 /* Frameworks */ = {
			isa = PBXFrameworksBuildPhase;
			buildActionMask = 2147483647;
			files = (
			);
			runOnlyForDeploymentPostprocessing = 0;
		};
/* End PBXFrameworksBuildPhase section */

/* Begin PBXGroup section */
		4626E7932566B71D0003D869 /* data */ = {
			isa = PBXGroup;
			children = (
				4626E79D2566B8030003D869 /* dateData.json */,
				4626E7952566B78A0003D869 /* Data.swift */,
				4626E7A22566B85E0003D869 /* dateData.swift */,
			);
			path = data;
			sourceTree = "<group>";
		};
		4671955F255D814F00781856 = {
			isa = PBXGroup;
			children = (
				4671956A255D814F00781856 /* finalApp_GBP */,
				4671957C255D815300781856 /* finalApp_GBPTests */,
				46719569255D814F00781856 /* Products */,
			);
			sourceTree = "<group>";
		};
		46719569255D814F00781856 /* Products */ = {
			isa = PBXGroup;
			children = (
				46719568255D814F00781856 /* CalendarPlusPlus.app */,
			);
			name = Products;
			sourceTree = "<group>";
		};
		4671956A255D814F00781856 /* finalApp_GBP */ = {
			isa = PBXGroup;
			children = (
				4626E7932566B71D0003D869 /* data */,
				4671956B255D814F00781856 /* finalApp_GBPApp.swift */,
				4671956D255D814F00781856 /* ContentView.swift */,
				46290CF12568A64300942B90 /* addDate.swift */,
				4634ACC92569DF9F000F82B7 /* busy.swift */,
				46290CE92568779A00942B90 /* dayView.swift */,
				4671956F255D815200781856 /* Assets.xcassets */,
				46719574255D815200781856 /* Info.plist */,
				46719571255D815200781856 /* Preview Content */,
				469CB1F1256C75B3008F1080 /* LaunchScreen.storyboard */,
			);
			path = finalApp_GBP;
			sourceTree = "<group>";
		};
		46719571255D815200781856 /* Preview Content */ = {
			isa = PBXGroup;
			children = (
				46719572255D815200781856 /* Preview Assets.xcassets */,
			);
			path = "Preview Content";
			sourceTree = "<group>";
		};
		4671957C255D815300781856 /* finalApp_GBPTests */ = {
			isa = PBXGroup;
			children = (
				4671957D255D815300781856 /* finalApp_GBPTests.swift */,
				4671957F255D815300781856 /* Info.plist */,
			);
			path = finalApp_GBPTests;
			sourceTree = "<group>";
		};
/* End PBXGroup section */

/* Begin PBXNativeTarget section */
		46719567255D814F00781856 /* CalendarPlusPlus */ = {
			isa = PBXNativeTarget;
			buildConfigurationList = 4671958D255D815300781856 /* Build configuration list for PBXNativeTarget "CalendarPlusPlus" */;
			buildPhases = (
				46719564255D814F00781856 /* Sources */,
				46719565255D814F00781856 /* Frameworks */,
				46719566255D814F00781856 /* Resources */,
			);
			buildRules = (
			);
			dependencies = (
			);
			name = CalendarPlusPlus;
			productName = finalApp_GBP;
			productReference = 46719568255D814F00781856 /* CalendarPlusPlus.app */;
			productType = "com.apple.product-type.application";
		};
/* End PBXNativeTarget section */

/* Begin PBXProject section */
		46719560255D814F00781856 /* Project object */ = {
			isa = PBXProject;
			attributes = {
				LastSwiftUpdateCheck = 1200;
				LastUpgradeCheck = 1200;
				TargetAttributes = {
					46719567255D814F00781856 = {
						CreatedOnToolsVersion = 12.0.1;
					};
				};
			};
			buildConfigurationList = 46719563255D814F00781856 /* Build configuration list for PBXProject "CalendarPlusPlus" */;
			compatibilityVersion = "Xcode 9.3";
			developmentRegion = en;
			hasScannedForEncodings = 0;
			knownRegions = (
				en,
				Base,
			);
			mainGroup = 4671955F255D814F00781856;
			productRefGroup = 46719569255D814F00781856 /* Products */;
			projectDirPath = "";
			projectRoot = "";
			targets = (
				46719567255D814F00781856 /* CalendarPlusPlus */,
			);
		};
/* End PBXProject section */

/* Begin PBXResourcesBuildPhase section */
		46719566255D814F00781856 /* Resources */ = {
			isa = PBXResourcesBuildPhase;
			buildActionMask = 2147483647;
			files = (
				46719573255D815200781856 /* Preview Assets.xcassets in Resources */,
				469CB1F2256C75B3008F1080 /* LaunchScreen.storyboard in Resources */,
				46719570255D815200781856 /* Assets.xcassets in Resources */,
				4626E79E2566B8030003D869 /* dateData.json in Resources */,
			);
			runOnlyForDeploymentPostprocessing = 0;
		};
/* End PBXResourcesBuildPhase section */

/* Begin PBXSourcesBuildPhase section */
		46719564255D814F00781856 /* Sources */ = {
			isa = PBXSourcesBuildPhase;
			buildActionMask = 2147483647;
			files = (
				4671956E255D814F00781856 /* ContentView.swift in Sources */,
				4626E7A32566B85E0003D869 /* dateData.swift in Sources */,
				46290CEA2568779A00942B90 /* dayView.swift in Sources */,
				46290CF22568A64300942B90 /* addDate.swift in Sources */,
				4626E7962566B78A0003D869 /* Data.swift in Sources */,
				4671956C255D814F00781856 /* finalApp_GBPApp.swift in Sources */,
				4634ACCA2569DF9F000F82B7 /* busy.swift in Sources */,
			);
			runOnlyForDeploymentPostprocessing = 0;
		};
/* End PBXSourcesBuildPhase section */

/* Begin XCBuildConfiguration section */
		4671958B255D815300781856 /* Debug */ = {
			isa = XCBuildConfiguration;
			buildSettings = {
				ALWAYS_SEARCH_USER_PATHS = NO;
				CLANG_ANALYZER_NONNULL = YES;
				CLANG_ANALYZER_NUMBER_OBJECT_CONVERSION = YES_AGGRESSIVE;
				CLANG_CXX_LANGUAGE_STANDARD = "gnu++14";
				CLANG_CXX_LIBRARY = "libc++";
				CLANG_ENABLE_MODULES = YES;
				CLANG_ENABLE_OBJC_ARC = YES;
				CLANG_ENABLE_OBJC_WEAK = YES;
				CLANG_WARN_BLOCK_CAPTURE_AUTORELEASING = YES;
				CLANG_WARN_BOOL_CONVERSION = YES;
				CLANG_WARN_COMMA = YES;
				CLANG_WARN_CONSTANT_CONVERSION = YES;
				CLANG_WARN_DEPRECATED_OBJC_IMPLEMENTATIONS = YES;
				CLANG_WARN_DIRECT_OBJC_ISA_USAGE = YES_ERROR;
				CLANG_WARN_DOCUMENTATION_COMMENTS = YES;
				CLANG_WARN_EMPTY_BODY = YES;
				CLANG_WARN_ENUM_CONVERSION = YES;
				CLANG_WARN_INFINITE_RECURSION = YES;
				CLANG_WARN_INT_CONVERSION = YES;
				CLANG_WARN_NON_LITERAL_NULL_CONVERSION = YES;
				CLANG_WARN_OBJC_IMPLICIT_RETAIN_SELF = YES;
				CLANG_WARN_OBJC_LITERAL_CONVERSION = YES;
				CLANG_WARN_OBJC_ROOT_CLASS = YES_ERROR;
				CLANG_WARN_QUOTED_INCLUDE_IN_FRAMEWORK_HEADER = YES;
				CLANG_WARN_RANGE_LOOP_ANALYSIS = YES;
				CLANG_WARN_STRICT_PROTOTYPES = YES;
				CLANG_WARN_SUSPICIOUS_MOVE = YES;
				CLANG_WARN_UNGUARDED_AVAILABILITY = YES_AGGRESSIVE;
				CLANG_WARN_UNREACHABLE_CODE = YES;
				CLANG_WARN__DUPLICATE_METHOD_MATCH = YES;
				COPY_PHASE_STRIP = NO;
				DEBUG_INFORMATION_FORMAT = dwarf;
				ENABLE_STRICT_OBJC_MSGSEND = YES;
				ENABLE_TESTABILITY = YES;
				GCC_C_LANGUAGE_STANDARD = gnu11;
				GCC_DYNAMIC_NO_PIC = NO;
				GCC_NO_COMMON_BLOCKS = YES;
				GCC_OPTIMIZATION_LEVEL = 0;
				GCC_PREPROCESSOR_DEFINITIONS = (
					"DEBUG=1",
					"$(inherited)",
				);
				GCC_WARN_64_TO_32_BIT_CONVERSION = YES;
				GCC_WARN_ABOUT_RETURN_TYPE = YES_ERROR;
				GCC_WARN_UNDECLARED_SELECTOR = YES;
				GCC_WARN_UNINITIALIZED_AUTOS = YES_AGGRESSIVE;
				GCC_WARN_UNUSED_FUNCTION = YES;
				GCC_WARN_UNUSED_VARIABLE = YES;
				IPHONEOS_DEPLOYMENT_TARGET = 14.0;
				MTL_ENABLE_DEBUG_INFO = INCLUDE_SOURCE;
				MTL_FAST_MATH = YES;
				ONLY_ACTIVE_ARCH = YES;
				SDKROOT = iphoneos;
				SWIFT_ACTIVE_COMPILATION_CONDITIONS = DEBUG;
				SWIFT_OPTIMIZATION_LEVEL = "-Onone";
			};
			name = Debug;
		};
		4671958C255D815300781856 /* Release */ = {
			isa = XCBuildConfiguration;
			buildSettings = {
				ALWAYS_SEARCH_USER_PATHS = NO;
				CLANG_ANALYZER_NONNULL = YES;
				CLANG_ANALYZER_NUMBER_OBJECT_CONVERSION = YES_AGGRESSIVE;
				CLANG_CXX_LANGUAGE_STANDARD = "gnu++14";
				CLANG_CXX_LIBRARY = "libc++";
				CLANG_ENABLE_MODULES = YES;
				CLANG_ENABLE_OBJC_ARC = YES;
				CLANG_ENABLE_OBJC_WEAK = YES;
				CLANG_WARN_BLOCK_CAPTURE_AUTORELEASING = YES;
				CLANG_WARN_BOOL_CONVERSION = YES;
				CLANG_WARN_COMMA = YES;
				CLANG_WARN_CONSTANT_CONVERSION = YES;
				CLANG_WARN_DEPRECATED_OBJC_IMPLEMENTATIONS = YES;
				CLANG_WARN_DIRECT_OBJC_ISA_USAGE = YES_ERROR;
				CLANG_WARN_DOCUMENTATION_COMMENTS = YES;
				CLANG_WARN_EMPTY_BODY = YES;
				CLANG_WARN_ENUM_CONVERSION = YES;
				CLANG_WARN_INFINITE_RECURSION = YES;
				CLANG_WARN_INT_CONVERSION = YES;
				CLANG_WARN_NON_LITERAL_NULL_CONVERSION = YES;
				CLANG_WARN_OBJC_IMPLICIT_RETAIN_SELF = YES;
				CLANG_WARN_OBJC_LITERAL_CONVERSION = YES;
				CLANG_WARN_OBJC_ROOT_CLASS = YES_ERROR;
				CLANG_WARN_QUOTED_INCLUDE_IN_FRAMEWORK_HEADER = YES;
				CLANG_WARN_RANGE_LOOP_ANALYSIS = YES;
				CLANG_WARN_STRICT_PROTOTYPES = YES;
				CLANG_WARN_SUSPICIOUS_MOVE = YES;
				CLANG_WARN_UNGUARDED_AVAILABILITY = YES_AGGRESSIVE;
				CLANG_WARN_UNREACHABLE_CODE = YES;
				CLANG_WARN__DUPLICATE_METHOD_MATCH = YES;
				COPY_PHASE_STRIP = NO;
				DEBUG_INFORMATION_FORMAT = "dwarf-with-dsym";
				ENABLE_NS_ASSERTIONS = NO;
				ENABLE_STRICT_OBJC_MSGSEND = YES;
				GCC_C_LANGUAGE_STANDARD = gnu11;
				GCC_NO_COMMON_BLOCKS = YES;
				GCC_WARN_64_TO_32_BIT_CONVERSION = YES;
				GCC_WARN_ABOUT_RETURN_TYPE = YES_ERROR;
				GCC_WARN_UNDECLARED_SELECTOR = YES;
				GCC_WARN_UNINITIALIZED_AUTOS = YES_AGGRESSIVE;
				GCC_WARN_UNUSED_FUNCTION = YES;
				GCC_WARN_UNUSED_VARIABLE = YES;
				IPHONEOS_DEPLOYMENT_TARGET = 14.0;
				MTL_ENABLE_DEBUG_INFO = NO;
				MTL_FAST_MATH = YES;
				SDKROOT = iphoneos;
				SWIFT_COMPILATION_MODE = wholemodule;
				SWIFT_OPTIMIZATION_LEVEL = "-O";
				VALIDATE_PRODUCT = YES;
			};
			name = Release;
		};
		4671958E255D815300781856 /* Debug */ = {
			isa = XCBuildConfiguration;
			buildSettings = {
				ASSETCATALOG_COMPILER_APPICON_NAME = AppIcon;
				ASSETCATALOG_COMPILER_GLOBAL_ACCENT_COLOR_NAME = AccentColor;
				CODE_SIGN_IDENTITY = "iPhone Developer: Garrett Powell (85YM43BUMB)";
				CODE_SIGN_STYLE = Manual;
				DEVELOPMENT_ASSET_PATHS = "\"finalApp_GBP/Preview Content\"";
				DEVELOPMENT_TEAM = WMCCDPZK7A;
				ENABLE_HARDENED_RUNTIME = NO;
				ENABLE_PREVIEWS = YES;
				INFOPLIST_FILE = finalApp_GBP/Info.plist;
				IPHONEOS_DEPLOYMENT_TARGET = 14.0;
				LD_RUNPATH_SEARCH_PATHS = (
					"$(inherited)",
					"@executable_path/Frameworks",
				);
				PRODUCT_BUNDLE_IDENTIFIER = com.garrettpowell.CalendarPlusPlus;
				PRODUCT_NAME = "$(TARGET_NAME)";
				PROVISIONING_PROFILE_SPECIFIER = CalendarPlusPlusDevProfile;
				SWIFT_VERSION = 5.0;
				TARGETED_DEVICE_FAMILY = "1,2";
			};
			name = Debug;
		};
		4671958F255D815300781856 /* Release */ = {
			isa = XCBuildConfiguration;
			buildSettings = {
				ASSETCATALOG_COMPILER_APPICON_NAME = AppIcon;
				ASSETCATALOG_COMPILER_GLOBAL_ACCENT_COLOR_NAME = AccentColor;
				CODE_SIGN_IDENTITY = "iPhone Developer: Garrett Powell (85YM43BUMB)";
				CODE_SIGN_STYLE = Manual;
				DEVELOPMENT_ASSET_PATHS = "\"finalApp_GBP/Preview Content\"";
				DEVELOPMENT_TEAM = WMCCDPZK7A;
				ENABLE_HARDENED_RUNTIME = NO;
				ENABLE_PREVIEWS = YES;
				INFOPLIST_FILE = finalApp_GBP/Info.plist;
				IPHONEOS_DEPLOYMENT_TARGET = 14.0;
				LD_RUNPATH_SEARCH_PATHS = (
					"$(inherited)",
					"@executable_path/Frameworks",
				);
				PRODUCT_BUNDLE_IDENTIFIER = com.garrettpowell.CalendarPlusPlus;
				PRODUCT_NAME = "$(TARGET_NAME)";
				PROVISIONING_PROFILE_SPECIFIER = CalendarPlusPlusDevProfile;
				SWIFT_VERSION = 5.0;
				TARGETED_DEVICE_FAMILY = "1,2";
			};
			name = Release;
		};
/* End XCBuildConfiguration section */

/* Begin XCConfigurationList section */
		46719563255D814F00781856 /* Build configuration list for PBXProject "CalendarPlusPlus" */ = {
			isa = XCConfigurationList;
			buildConfigurations = (
				4671958B255D815300781856 /* Debug */,
				4671958C255D815300781856 /* Release */,
			);
			defaultConfigurationIsVisible = 0;
			defaultConfigurationName = Release;
		};
		4671958D255D815300781856 /* Build configuration list for PBXNativeTarget "CalendarPlusPlus" */ = {
			isa = XCConfigurationList;
			buildConfigurations = (
				4671958E255D815300781856 /* Debug */,
				4671958F255D815300781856 /* Release */,
			);
			defaultConfigurationIsVisible = 0;
			defaultConfigurationName = Release;
		};
/* End XCConfigurationList section */
	};
	rootObject = 46719560255D814F00781856 /* Project object */;
}
